
Microsoft Visual Studio Solution File, Format Version 12.00
# Visual Studio Version 17
VisualStudioVersion = 17.3.32804.467
MinimumVisualStudioVersion = 10.0.40219.1
Project("{FAE04EC0-301F-11D3-BF4B-00C04F79EFBC}") = "KompasTest", "KompasTest\KompasTest.csproj", "{B9B684B6-CF28-4C5A-B07B-60233448600D}"
EndProject
Global
	GlobalSection(SolutionConfigurationPlatforms) = preSolution
		Debug|Any CPU = Debug|Any CPU
		Release|Any CPU = Release|Any CPU
	EndGlobalSection
	GlobalSection(ProjectConfigurationPlatforms) = postSolution
		{B9B684B6-CF28-4C5A-B07B-60233448600D}.Debug|Any CPU.ActiveCfg = Debug|Any CPU
		{B9B684B6-CF28-4C5A-B07B-60233448600D}.Debug|Any CPU.Build.0 = Debug|Any CPU
		{B9B684B6-CF28-4C5A-B07B-60233448600D}.Release|Any CPU.ActiveCfg = Release|Any CPU
		{B9B684B6-CF28-4C5A-B07B-60233448600D}.Release|Any CPU.Build.0 = Release|Any CPU
	EndGlobalSection
	GlobalSection(SolutionProperties) = preSolution
		HideSolutionNode = FALSE
	EndGlobalSection
	GlobalSection(ExtensibilityGlobals) = postSolution
		SolutionGuid = {13138F0C-86BE-4509-B73D-1D7CE750475A}
	EndGlobalSection
EndGlobal
